// !$*UTF8*$!
{
	archiveVersion = 1;
	classes = {
	};
	objectVersion = 50;
	objects = {

/* Begin PBXBuildFile section */
		854E8F3724D1F04600080D29 /* Tests_iOS.swift in Sources */ = {isa = PBXBuildFile; fileRef = 854E8F3624D1F04600080D29 /* Tests_iOS.swift */; };
		854E8F4224D1F04600080D29 /* Tests_macOS.swift in Sources */ = {isa = PBXBuildFile; fileRef = 854E8F4124D1F04600080D29 /* Tests_macOS.swift */; };
		854E8F4424D1F04600080D29 /* SandwichesApp.swift in Sources */ = {isa = PBXBuildFile; fileRef = 854E8F1B24D1F04500080D29 /* SandwichesApp.swift */; };
		854E8F4524D1F04600080D29 /* SandwichesApp.swift in Sources */ = {isa = PBXBuildFile; fileRef = 854E8F1B24D1F04500080D29 /* SandwichesApp.swift */; };
		854E8F4624D1F04600080D29 /* ContentView.swift in Sources */ = {isa = PBXBuildFile; fileRef = 854E8F1C24D1F04500080D29 /* ContentView.swift */; };
		854E8F4724D1F04600080D29 /* ContentView.swift in Sources */ = {isa = PBXBuildFile; fileRef = 854E8F1C24D1F04500080D29 /* ContentView.swift */; };
		854E8F4824D1F04600080D29 /* Assets.xcassets in Resources */ = {isa = PBXBuildFile; fileRef = 854E8F1D24D1F04600080D29 /* Assets.xcassets */; };
		854E8F4924D1F04600080D29 /* Assets.xcassets in Resources */ = {isa = PBXBuildFile; fileRef = 854E8F1D24D1F04600080D29 /* Assets.xcassets */; };
		855ABCAC24D34C8F009C1C68 /* SandwichStore.swift in Sources */ = {isa = PBXBuildFile; fileRef = 855ABCAB24D34C8F009C1C68 /* SandwichStore.swift */; };
		855ABCAD24D34C8F009C1C68 /* SandwichStore.swift in Sources */ = {isa = PBXBuildFile; fileRef = 855ABCAB24D34C8F009C1C68 /* SandwichStore.swift */; };
		85AF022724D1F90A00CF1F7D /* Sandwich.swift in Sources */ = {isa = PBXBuildFile; fileRef = 85AF022624D1F90A00CF1F7D /* Sandwich.swift */; };
		85AF022824D1F90A00CF1F7D /* Sandwich.swift in Sources */ = {isa = PBXBuildFile; fileRef = 85AF022624D1F90A00CF1F7D /* Sandwich.swift */; };
		85AF023024D200F300CF1F7D /* Sandwiches.xcassets in Resources */ = {isa = PBXBuildFile; fileRef = 85AF022F24D200F300CF1F7D /* Sandwiches.xcassets */; };
		85AF023124D200F300CF1F7D /* Sandwiches.xcassets in Resources */ = {isa = PBXBuildFile; fileRef = 85AF022F24D200F300CF1F7D /* Sandwiches.xcassets */; };
		85AF023624D2043000CF1F7D /* SandwichDetail.swift in Sources */ = {isa = PBXBuildFile; fileRef = 85AF023524D2043000CF1F7D /* SandwichDetail.swift */; };
		85AF023724D2043000CF1F7D /* SandwichDetail.swift in Sources */ = {isa = PBXBuildFile; fileRef = 85AF023524D2043000CF1F7D /* SandwichDetail.swift */; };
/* End PBXBuildFile section */

/* Begin PBXContainerItemProxy section */
		854E8F3324D1F04600080D29 /* PBXContainerItemProxy */ = {
			isa = PBXContainerItemProxy;
			containerPortal = 854E8F1624D1F04500080D29 /* Project object */;
			proxyType = 1;
			remoteGlobalIDString = 854E8F2124D1F04600080D29;
			remoteInfo = "Sandwiches (iOS)";
		};
		854E8F3E24D1F04600080D29 /* PBXContainerItemProxy */ = {
			isa = PBXContainerItemProxy;
			containerPortal = 854E8F1624D1F04500080D29 /* Project object */;
			proxyType = 1;
			remoteGlobalIDString = 854E8F2924D1F04600080D29;
			remoteInfo = "Sandwiches (macOS)";
		};
/* End PBXContainerItemProxy section */

/* Begin PBXFileReference section */
		854E8F1B24D1F04500080D29 /* SandwichesApp.swift */ = {isa = PBXFileReference; lastKnownFileType = sourcecode.swift; path = SandwichesApp.swift; sourceTree = "<group>"; };
		854E8F1C24D1F04500080D29 /* ContentView.swift */ = {isa = PBXFileReference; lastKnownFileType = sourcecode.swift; path = ContentView.swift; sourceTree = "<group>"; };
		854E8F1D24D1F04600080D29 /* Assets.xcassets */ = {isa = PBXFileReference; lastKnownFileType = folder.assetcatalog; path = Assets.xcassets; sourceTree = "<group>"; };
		854E8F2224D1F04600080D29 /* Sandwiches.app */ = {isa = PBXFileReference; explicitFileType = wrapper.application; includeInIndex = 0; path = Sandwiches.app; sourceTree = BUILT_PRODUCTS_DIR; };
		854E8F2524D1F04600080D29 /* Info.plist */ = {isa = PBXFileReference; lastKnownFileType = text.plist.xml; path = Info.plist; sourceTree = "<group>"; };
		854E8F2A24D1F04600080D29 /* Sandwiches.app */ = {isa = PBXFileReference; explicitFileType = wrapper.application; includeInIndex = 0; path = Sandwiches.app; sourceTree = BUILT_PRODUCTS_DIR; };
		854E8F2C24D1F04600080D29 /* Info.plist */ = {isa = PBXFileReference; lastKnownFileType = text.plist.xml; path = Info.plist; sourceTree = "<group>"; };
		854E8F2D24D1F04600080D29 /* macOS.entitlements */ = {isa = PBXFileReference; lastKnownFileType = text.plist.entitlements; path = macOS.entitlements; sourceTree = "<group>"; };
		854E8F3224D1F04600080D29 /* Tests iOS.xctest */ = {isa = PBXFileReference; explicitFileType = wrapper.cfbundle; includeInIndex = 0; path = "Tests iOS.xctest"; sourceTree = BUILT_PRODUCTS_DIR; };
		854E8F3624D1F04600080D29 /* Tests_iOS.swift */ = {isa = PBXFileReference; lastKnownFileType = sourcecode.swift; path = Tests_iOS.swift; sourceTree = "<group>"; };
		854E8F3824D1F04600080D29 /* Info.plist */ = {isa = PBXFileReference; lastKnownFileType = text.plist.xml; path = Info.plist; sourceTree = "<group>"; };
		854E8F3D24D1F04600080D29 /* Tests macOS.xctest */ = {isa = PBXFileReference; explicitFileType = wrapper.cfbundle; includeInIndex = 0; path = "Tests macOS.xctest"; sourceTree = BUILT_PRODUCTS_DIR; };
		854E8F4124D1F04600080D29 /* Tests_macOS.swift */ = {isa = PBXFileReference; lastKnownFileType = sourcecode.swift; path = Tests_macOS.swift; sourceTree = "<group>"; };
		854E8F4324D1F04600080D29 /* Info.plist */ = {isa = PBXFileReference; lastKnownFileType = text.plist.xml; path = Info.plist; sourceTree = "<group>"; };
		855ABCAB24D34C8F009C1C68 /* SandwichStore.swift */ = {isa = PBXFileReference; lastKnownFileType = sourcecode.swift; path = SandwichStore.swift; sourceTree = "<group>"; };
		85AF022624D1F90A00CF1F7D /* Sandwich.swift */ = {isa = PBXFileReference; lastKnownFileType = sourcecode.swift; path = Sandwich.swift; sourceTree = "<group>"; };
		85AF022F24D200F300CF1F7D /* Sandwiches.xcassets */ = {isa = PBXFileReference; lastKnownFileType = folder.assetcatalog; name = Sandwiches.xcassets; path = ../../../../../.Trash/Sandwiches.xcassets; sourceTree = "<group>"; };
		85AF023524D2043000CF1F7D /* SandwichDetail.swift */ = {isa = PBXFileReference; lastKnownFileType = sourcecode.swift; path = SandwichDetail.swift; sourceTree = "<group>"; };
/* End PBXFileReference section */

/* Begin PBXFrameworksBuildPhase section */
		854E8F1F24D1F04600080D29 /* Frameworks */ = {
			isa = PBXFrameworksBuildPhase;
			buildActionMask = 2147483647;
			files = (
			);
			runOnlyForDeploymentPostprocessing = 0;
		};
		854E8F2724D1F04600080D29 /* Frameworks */ = {
			isa = PBXFrameworksBuildPhase;
			buildActionMask = 2147483647;
			files = (
			);
			runOnlyForDeploymentPostprocessing = 0;
		};
		854E8F2F24D1F04600080D29 /* Frameworks */ = {
			isa = PBXFrameworksBuildPhase;
			buildActionMask = 2147483647;
			files = (
			);
			runOnlyForDeploymentPostprocessing = 0;
		};
		854E8F3A24D1F04600080D29 /* Frameworks */ = {
			isa = PBXFrameworksBuildPhase;
			buildActionMask = 2147483647;
			files = (
			);
			runOnlyForDeploymentPostprocessing = 0;
		};
/* End PBXFrameworksBuildPhase section */

/* Begin PBXGroup section */
		854E8F1524D1F04500080D29 = {
			isa = PBXGroup;
			children = (
				854E8F1A24D1F04500080D29 /* Shared */,
				854E8F2424D1F04600080D29 /* iOS */,
				854E8F2B24D1F04600080D29 /* macOS */,
				854E8F3524D1F04600080D29 /* Tests iOS */,
				854E8F4024D1F04600080D29 /* Tests macOS */,
				854E8F2324D1F04600080D29 /* Products */,
			);
			sourceTree = "<group>";
		};
		854E8F1A24D1F04500080D29 /* Shared */ = {
			isa = PBXGroup;
			children = (
				854E8F1B24D1F04500080D29 /* SandwichesApp.swift */,
				854E8F1C24D1F04500080D29 /* ContentView.swift */,
				85AF022F24D200F300CF1F7D /* Sandwiches.xcassets */,
				85AF023524D2043000CF1F7D /* SandwichDetail.swift */,
				854E8F1D24D1F04600080D29 /* Assets.xcassets */,
				855ABCAB24D34C8F009C1C68 /* SandwichStore.swift */,
				85AF022624D1F90A00CF1F7D /* Sandwich.swift */,
			);
			path = Shared;
			sourceTree = "<group>";
		};
		854E8F2324D1F04600080D29 /* Products */ = {
			isa = PBXGroup;
			children = (
				854E8F2224D1F04600080D29 /* Sandwiches.app */,
				854E8F2A24D1F04600080D29 /* Sandwiches.app */,
				854E8F3224D1F04600080D29 /* Tests iOS.xctest */,
				854E8F3D24D1F04600080D29 /* Tests macOS.xctest */,
			);
			name = Products;
			sourceTree = "<group>";
		};
		854E8F2424D1F04600080D29 /* iOS */ = {
			isa = PBXGroup;
			children = (
				854E8F2524D1F04600080D29 /* Info.plist */,
			);
			path = iOS;
			sourceTree = "<group>";
		};
		854E8F2B24D1F04600080D29 /* macOS */ = {
			isa = PBXGroup;
			children = (
				854E8F2C24D1F04600080D29 /* Info.plist */,
				854E8F2D24D1F04600080D29 /* macOS.entitlements */,
			);
			path = macOS;
			sourceTree = "<group>";
		};
		854E8F3524D1F04600080D29 /* Tests iOS */ = {
			isa = PBXGroup;
			children = (
				854E8F3624D1F04600080D29 /* Tests_iOS.swift */,
				854E8F3824D1F04600080D29 /* Info.plist */,
			);
			path = "Tests iOS";
			sourceTree = "<group>";
		};
		854E8F4024D1F04600080D29 /* Tests macOS */ = {
			isa = PBXGroup;
			children = (
				854E8F4124D1F04600080D29 /* Tests_macOS.swift */,
				854E8F4324D1F04600080D29 /* Info.plist */,
			);
			path = "Tests macOS";
			sourceTree = "<group>";
		};
/* End PBXGroup section */

/* Begin PBXNativeTarget section */
		854E8F2124D1F04600080D29 /* Sandwiches (iOS) */ = {
			isa = PBXNativeTarget;
			buildConfigurationList = 854E8F4C24D1F04600080D29 /* Build configuration list for PBXNativeTarget "Sandwiches (iOS)" */;
			buildPhases = (
				854E8F1E24D1F04600080D29 /* Sources */,
				854E8F1F24D1F04600080D29 /* Frameworks */,
				854E8F2024D1F04600080D29 /* Resources */,
			);
			buildRules = (
			);
			dependencies = (
			);
			name = "Sandwiches (iOS)";
			productName = "Sandwiches (iOS)";
			productReference = 854E8F2224D1F04600080D29 /* Sandwiches.app */;
			productType = "com.apple.product-type.application";
		};
		854E8F2924D1F04600080D29 /* Sandwiches (macOS) */ = {
			isa = PBXNativeTarget;
			buildConfigurationList = 854E8F4F24D1F04600080D29 /* Build configuration list for PBXNativeTarget "Sandwiches (macOS)" */;
			buildPhases = (
				854E8F2624D1F04600080D29 /* Sources */,
				854E8F2724D1F04600080D29 /* Frameworks */,
				854E8F2824D1F04600080D29 /* Resources */,
			);
			buildRules = (
			);
			dependencies = (
			);
			name = "Sandwiches (macOS)";
			productName = "Sandwiches (macOS)";
			productReference = 854E8F2A24D1F04600080D29 /* Sandwiches.app */;
			productType = "com.apple.product-type.application";
		};
		854E8F3124D1F04600080D29 /* Tests iOS */ = {
			isa = PBXNativeTarget;
			buildConfigurationList = 854E8F5224D1F04600080D29 /* Build configuration list for PBXNativeTarget "Tests iOS" */;
			buildPhases = (
				854E8F2E24D1F04600080D29 /* Sources */,
				854E8F2F24D1F04600080D29 /* Frameworks */,
				854E8F3024D1F04600080D29 /* Resources */,
			);
			buildRules = (
			);
			dependencies = (
				854E8F3424D1F04600080D29 /* PBXTargetDependency */,
			);
			name = "Tests iOS";
			productName = "Tests iOS";
			productReference = 854E8F3224D1F04600080D29 /* Tests iOS.xctest */;
			productType = "com.apple.product-type.bundle.ui-testing";
		};
		854E8F3C24D1F04600080D29 /* Tests macOS */ = {
			isa = PBXNativeTarget;
			buildConfigurationList = 854E8F5524D1F04600080D29 /* Build configuration list for PBXNativeTarget "Tests macOS" */;
			buildPhases = (
				854E8F3924D1F04600080D29 /* Sources */,
				854E8F3A24D1F04600080D29 /* Frameworks */,
				854E8F3B24D1F04600080D29 /* Resources */,
			);
			buildRules = (
			);
			dependencies = (
				854E8F3F24D1F04600080D29 /* PBXTargetDependency */,
			);
			name = "Tests macOS";
			productName = "Tests macOS";
			productReference = 854E8F3D24D1F04600080D29 /* Tests macOS.xctest */;
			productType = "com.apple.product-type.bundle.ui-testing";
		};
/* End PBXNativeTarget section */

/* Begin PBXProject section */
		854E8F1624D1F04500080D29 /* Project object */ = {
			isa = PBXProject;
			attributes = {
				LastSwiftUpdateCheck = 1200;
				LastUpgradeCheck = 1200;
				TargetAttributes = {
					854E8F2124D1F04600080D29 = {
						CreatedOnToolsVersion = 12.0;
					};
					854E8F2924D1F04600080D29 = {
						CreatedOnToolsVersion = 12.0;
					};
					854E8F3124D1F04600080D29 = {
						CreatedOnToolsVersion = 12.0;
						TestTargetID = 854E8F2124D1F04600080D29;
					};
					854E8F3C24D1F04600080D29 = {
						CreatedOnToolsVersion = 12.0;
						TestTargetID = 854E8F2924D1F04600080D29;
					};
				};
			};
			buildConfigurationList = 854E8F1924D1F04500080D29 /* Build configuration list for PBXProject "Sandwiches" */;
			compatibilityVersion = "Xcode 9.3";
			developmentRegion = en;
			hasScannedForEncodings = 0;
			knownRegions = (
				en,
				Base,
			);
			mainGroup = 854E8F1524D1F04500080D29;
			productRefGroup = 854E8F2324D1F04600080D29 /* Products */;
			projectDirPath = "";
			projectRoot = "";
			targets = (
				854E8F2124D1F04600080D29 /* Sandwiches (iOS) */,
				854E8F2924D1F04600080D29 /* Sandwiches (macOS) */,
				854E8F3124D1F04600080D29 /* Tests iOS */,
				854E8F3C24D1F04600080D29 /* Tests macOS */,
			);
		};
/* End PBXProject section */

/* Begin PBXResourcesBuildPhase section */
		854E8F2024D1F04600080D29 /* Resources */ = {
			isa = PBXResourcesBuildPhase;
			buildActionMask = 2147483647;
			files = (
				85AF023024D200F300CF1F7D /* Sandwiches.xcassets in Resources */,
				854E8F4824D1F04600080D29 /* Assets.xcassets in Resources */,
			);
			runOnlyForDeploymentPostprocessing = 0;
		};
		854E8F2824D1F04600080D29 /* Resources */ = {
			isa = PBXResourcesBuildPhase;
			buildActionMask = 2147483647;
			files = (
				85AF023124D200F300CF1F7D /* Sandwiches.xcassets in Resources */,
				854E8F4924D1F04600080D29 /* Assets.xcassets in Resources */,
			);
			runOnlyForDeploymentPostprocessing = 0;
		};
		854E8F3024D1F04600080D29 /* Resources */ = {
			isa = PBXResourcesBuildPhase;
			buildActionMask = 2147483647;
			files = (
			);
			runOnlyForDeploymentPostprocessing = 0;
		};
		854E8F3B24D1F04600080D29 /* Resources */ = {
			isa = PBXResourcesBuildPhase;
			buildActionMask = 2147483647;
			files = (
			);
			runOnlyForDeploymentPostprocessing = 0;
		};
/* End PBXResourcesBuildPhase section */

/* Begin PBXSourcesBuildPhase section */
		854E8F1E24D1F04600080D29 /* Sources */ = {
			isa = PBXSourcesBuildPhase;
			buildActionMask = 2147483647;
			files = (
				855ABCAC24D34C8F009C1C68 /* SandwichStore.swift in Sources */,
				854E8F4624D1F04600080D29 /* ContentView.swift in Sources */,
				854E8F4424D1F04600080D29 /* SandwichesApp.swift in Sources */,
				85AF022724D1F90A00CF1F7D /* Sandwich.swift in Sources */,
				85AF023624D2043000CF1F7D /* SandwichDetail.swift in Sources */,
			);
			runOnlyForDeploymentPostprocessing = 0;
		};
		854E8F2624D1F04600080D29 /* Sources */ = {
			isa = PBXSourcesBuildPhase;
			buildActionMask = 2147483647;
			files = (
				855ABCAD24D34C8F009C1C68 /* SandwichStore.swift in Sources */,
				854E8F4724D1F04600080D29 /* ContentView.swift in Sources */,
				854E8F4524D1F04600080D29 /* SandwichesApp.swift in Sources */,
				85AF022824D1F90A00CF1F7D /* Sandwich.swift in Sources */,
				85AF023724D2043000CF1F7D /* SandwichDetail.swift in Sources */,
			);
			runOnlyForDeploymentPostprocessing = 0;
		};
		854E8F2E24D1F04600080D29 /* Sources */ = {
			isa = PBXSourcesBuildPhase;
			buildActionMask = 2147483647;
			files = (
				854E8F3724D1F04600080D29 /* Tests_iOS.swift in Sources */,
			);
			runOnlyForDeploymentPostprocessing = 0;
		};
		854E8F3924D1F04600080D29 /* Sources */ = {
			isa = PBXSourcesBuildPhase;
			buildActionMask = 2147483647;
			files = (
				854E8F4224D1F04600080D29 /* Tests_macOS.swift in Sources */,
			);
			runOnlyForDeploymentPostprocessing = 0;
		};
/* End PBXSourcesBuildPhase section */

/* Begin PBXTargetDependency section */
		854E8F3424D1F04600080D29 /* PBXTargetDependency */ = {
			isa = PBXTargetDependency;
			target = 854E8F2124D1F04600080D29 /* Sandwiches (iOS) */;
			targetProxy = 854E8F3324D1F04600080D29 /* PBXContainerItemProxy */;
		};
		854E8F3F24D1F04600080D29 /* PBXTargetDependency */ = {
			isa = PBXTargetDependency;
			target = 854E8F2924D1F04600080D29 /* Sandwiches (macOS) */;
			targetProxy = 854E8F3E24D1F04600080D29 /* PBXContainerItemProxy */;
		};
/* End PBXTargetDependency section */

/* Begin XCBuildConfiguration section */
		854E8F4A24D1F04600080D29 /* Debug */ = {
			isa = XCBuildConfiguration;
			buildSettings = {
				ALWAYS_SEARCH_USER_PATHS = NO;
				CLANG_ANALYZER_NONNULL = YES;
				CLANG_ANALYZER_NUMBER_OBJECT_CONVERSION = YES_AGGRESSIVE;
				CLANG_CXX_LANGUAGE_STANDARD = "gnu++14";
				CLANG_CXX_LIBRARY = "libc++";
				CLANG_ENABLE_MODULES = YES;
				CLANG_ENABLE_OBJC_ARC = YES;
				CLANG_ENABLE_OBJC_WEAK = YES;
				CLANG_WARN_BLOCK_CAPTURE_AUTORELEASING = YES;
				CLANG_WARN_BOOL_CONVERSION = YES;
				CLANG_WARN_COMMA = YES;
				CLANG_WARN_CONSTANT_CONVERSION = YES;
				CLANG_WARN_DEPRECATED_OBJC_IMPLEMENTATIONS = YES;
				CLANG_WARN_DIRECT_OBJC_ISA_USAGE = YES_ERROR;
				CLANG_WARN_DOCUMENTATION_COMMENTS = YES;
				CLANG_WARN_EMPTY_BODY = YES;
				CLANG_WARN_ENUM_CONVERSION = YES;
				CLANG_WARN_INFINITE_RECURSION = YES;
				CLANG_WARN_INT_CONVERSION = YES;
				CLANG_WARN_NON_LITERAL_NULL_CONVERSION = YES;
				CLANG_WARN_OBJC_IMPLICIT_RETAIN_SELF = YES;
				CLANG_WARN_OBJC_LITERAL_CONVERSION = YES;
				CLANG_WARN_OBJC_ROOT_CLASS = YES_ERROR;
				CLANG_WARN_QUOTED_INCLUDE_IN_FRAMEWORK_HEADER = YES;
				CLANG_WARN_RANGE_LOOP_ANALYSIS = YES;
				CLANG_WARN_STRICT_PROTOTYPES = YES;
				CLANG_WARN_SUSPICIOUS_MOVE = YES;
				CLANG_WARN_UNGUARDED_AVAILABILITY = YES_AGGRESSIVE;
				CLANG_WARN_UNREACHABLE_CODE = YES;
				CLANG_WARN__DUPLICATE_METHOD_MATCH = YES;
				COPY_PHASE_STRIP = NO;
				DEBUG_INFORMATION_FORMAT = dwarf;
				ENABLE_STRICT_OBJC_MSGSEND = YES;
				ENABLE_TESTABILITY = YES;
				GCC_C_LANGUAGE_STANDARD = gnu11;
				GCC_DYNAMIC_NO_PIC = NO;
				GCC_NO_COMMON_BLOCKS = YES;
				GCC_OPTIMIZATION_LEVEL = 0;
				GCC_PREPROCESSOR_DEFINITIONS = (
					"DEBUG=1",
					"$(inherited)",
				);
				GCC_WARN_64_TO_32_BIT_CONVERSION = YES;
				GCC_WARN_ABOUT_RETURN_TYPE = YES_ERROR;
				GCC_WARN_UNDECLARED_SELECTOR = YES;
				GCC_WARN_UNINITIALIZED_AUTOS = YES_AGGRESSIVE;
				GCC_WARN_UNUSED_FUNCTION = YES;
				GCC_WARN_UNUSED_VARIABLE = YES;
				MTL_ENABLE_DEBUG_INFO = INCLUDE_SOURCE;
				MTL_FAST_MATH = YES;
				ONLY_ACTIVE_ARCH = YES;
				SWIFT_ACTIVE_COMPILATION_CONDITIONS = DEBUG;
				SWIFT_OPTIMIZATION_LEVEL = "-Onone";
			};
			name = Debug;
		};
		854E8F4B24D1F04600080D29 /* Release */ = {
			isa = XCBuildConfiguration;
			buildSettings = {
				ALWAYS_SEARCH_USER_PATHS = NO;
				CLANG_ANALYZER_NONNULL = YES;
				CLANG_ANALYZER_NUMBER_OBJECT_CONVERSION = YES_AGGRESSIVE;
				CLANG_CXX_LANGUAGE_STANDARD = "gnu++14";
				CLANG_CXX_LIBRARY = "libc++";
				CLANG_ENABLE_MODULES = YES;
				CLANG_ENABLE_OBJC_ARC = YES;
				CLANG_ENABLE_OBJC_WEAK = YES;
				CLANG_WARN_BLOCK_CAPTURE_AUTORELEASING = YES;
				CLANG_WARN_BOOL_CONVERSION = YES;
				CLANG_WARN_COMMA = YES;
				CLANG_WARN_CONSTANT_CONVERSION = YES;
				CLANG_WARN_DEPRECATED_OBJC_IMPLEMENTATIONS = YES;
				CLANG_WARN_DIRECT_OBJC_ISA_USAGE = YES_ERROR;
				CLANG_WARN_DOCUMENTATION_COMMENTS = YES;
				CLANG_WARN_EMPTY_BODY = YES;
				CLANG_WARN_ENUM_CONVERSION = YES;
				CLANG_WARN_INFINITE_RECURSION = YES;
				CLANG_WARN_INT_CONVERSION = YES;
				CLANG_WARN_NON_LITERAL_NULL_CONVERSION = YES;
				CLANG_WARN_OBJC_IMPLICIT_RETAIN_SELF = YES;
				CLANG_WARN_OBJC_LITERAL_CONVERSION = YES;
				CLANG_WARN_OBJC_ROOT_CLASS = YES_ERROR;
				CLANG_WARN_QUOTED_INCLUDE_IN_FRAMEWORK_HEADER = YES;
				CLANG_WARN_RANGE_LOOP_ANALYSIS = YES;
				CLANG_WARN_STRICT_PROTOTYPES = YES;
				CLANG_WARN_SUSPICIOUS_MOVE = YES;
				CLANG_WARN_UNGUARDED_AVAILABILITY = YES_AGGRESSIVE;
				CLANG_WARN_UNREACHABLE_CODE = YES;
				CLANG_WARN__DUPLICATE_METHOD_MATCH = YES;
				COPY_PHASE_STRIP = NO;
				DEBUG_INFORMATION_FORMAT = "dwarf-with-dsym";
				ENABLE_NS_ASSERTIONS = NO;
				ENABLE_STRICT_OBJC_MSGSEND = YES;
				GCC_C_LANGUAGE_STANDARD = gnu11;
				GCC_NO_COMMON_BLOCKS = YES;
				GCC_WARN_64_TO_32_BIT_CONVERSION = YES;
				GCC_WARN_ABOUT_RETURN_TYPE = YES_ERROR;
				GCC_WARN_UNDECLARED_SELECTOR = YES;
				GCC_WARN_UNINITIALIZED_AUTOS = YES_AGGRESSIVE;
				GCC_WARN_UNUSED_FUNCTION = YES;
				GCC_WARN_UNUSED_VARIABLE = YES;
				MTL_ENABLE_DEBUG_INFO = NO;
				MTL_FAST_MATH = YES;
				SWIFT_COMPILATION_MODE = wholemodule;
				SWIFT_OPTIMIZATION_LEVEL = "-O";
			};
			name = Release;
		};
		854E8F4D24D1F04600080D29 /* Debug */ = {
			isa = XCBuildConfiguration;
			buildSettings = {
				ASSETCATALOG_COMPILER_APPICON_NAME = AppIcon;
				ASSETCATALOG_COMPILER_GLOBAL_ACCENT_COLOR_NAME = AccentColor;
				CODE_SIGN_STYLE = Automatic;
				DEVELOPMENT_TEAM = U8C7JTZU9K;
				ENABLE_PREVIEWS = YES;
				INFOPLIST_FILE = iOS/Info.plist;
				IPHONEOS_DEPLOYMENT_TARGET = 14.0;
				LD_RUNPATH_SEARCH_PATHS = (
					"$(inherited)",
					"@executable_path/Frameworks",
				);
				PRODUCT_BUNDLE_IDENTIFIER = com.parineetvernekar.Sandwiches;
				PRODUCT_NAME = Sandwiches;
				SDKROOT = iphoneos;
				SWIFT_VERSION = 5.0;
				TARGETED_DEVICE_FAMILY = "1,2";
			};
			name = Debug;
		};
		854E8F4E24D1F04600080D29 /* Release */ = {
			isa = XCBuildConfiguration;
			buildSettings = {
				ASSETCATALOG_COMPILER_APPICON_NAME = AppIcon;
				ASSETCATALOG_COMPILER_GLOBAL_ACCENT_COLOR_NAME = AccentColor;
				CODE_SIGN_STYLE = Automatic;
				DEVELOPMENT_TEAM = U8C7JTZU9K;
				ENABLE_PREVIEWS = YES;
				INFOPLIST_FILE = iOS/Info.plist;
				IPHONEOS_DEPLOYMENT_TARGET = 14.0;
				LD_RUNPATH_SEARCH_PATHS = (
					"$(inherited)",
					"@executable_path/Frameworks",
				);
				PRODUCT_BUNDLE_IDENTIFIER = com.parineetvernekar.Sandwiches;
				PRODUCT_NAME = Sandwiches;
				SDKROOT = iphoneos;
				SWIFT_VERSION = 5.0;
				TARGETED_DEVICE_FAMILY = "1,2";
				VALIDATE_PRODUCT = YES;
			};
			name = Release;
		};
		854E8F5024D1F04600080D29 /* Debug */ = {
			isa = XCBuildConfiguration;
			buildSettings = {
				ASSETCATALOG_COMPILER_APPICON_NAME = AppIcon;
				ASSETCATALOG_COMPILER_GLOBAL_ACCENT_COLOR_NAME = AccentColor;
				CODE_SIGN_ENTITLEMENTS = macOS/macOS.entitlements;
				CODE_SIGN_STYLE = Automatic;
				COMBINE_HIDPI_IMAGES = YES;
				DEVELOPMENT_TEAM = U8C7JTZU9K;
				ENABLE_HARDENED_RUNTIME = YES;
				ENABLE_PREVIEWS = YES;
				INFOPLIST_FILE = macOS/Info.plist;
				LD_RUNPATH_SEARCH_PATHS = (
					"$(inherited)",
					"@executable_path/../Frameworks",
				);
				MACOSX_DEPLOYMENT_TARGET = 11.0;
				PRODUCT_BUNDLE_IDENTIFIER = com.parineetvernekar.Sandwiches;
				PRODUCT_NAME = Sandwiches;
				SDKROOT = macosx;
				SWIFT_VERSION = 5.0;
			};
			name = Debug;
		};
		854E8F5124D1F04600080D29 /* Release */ = {
			isa = XCBuildConfiguration;
			buildSettings = {
				ASSETCATALOG_COMPILER_APPICON_NAME = AppIcon;
				ASSETCATALOG_COMPILER_GLOBAL_ACCENT_COLOR_NAME = AccentColor;
				CODE_SIGN_ENTITLEMENTS = macOS/macOS.entitlements;
				CODE_SIGN_STYLE = Automatic;
				COMBINE_HIDPI_IMAGES = YES;
				DEVELOPMENT_TEAM = U8C7JTZU9K;
				ENABLE_HARDENED_RUNTIME = YES;
				ENABLE_PREVIEWS = YES;
				INFOPLIST_FILE = macOS/Info.plist;
				LD_RUNPATH_SEARCH_PATHS = (
					"$(inherited)",
					"@executable_path/../Frameworks",
				);
				MACOSX_DEPLOYMENT_TARGET = 11.0;
				PRODUCT_BUNDLE_IDENTIFIER = com.parineetvernekar.Sandwiches;
				PRODUCT_NAME = Sandwiches;
				SDKROOT = macosx;
				SWIFT_VERSION = 5.0;
			};
			name = Release;
		};
		854E8F5324D1F04600080D29 /* Debug */ = {
			isa = XCBuildConfiguration;
			buildSettings = {
				ALWAYS_EMBED_SWIFT_STANDARD_LIBRARIES = YES;
				CODE_SIGN_STYLE = Automatic;
				DEVELOPMENT_TEAM = U8C7JTZU9K;
				INFOPLIST_FILE = "Tests iOS/Info.plist";
				IPHONEOS_DEPLOYMENT_TARGET = 14.0;
				LD_RUNPATH_SEARCH_PATHS = (
					"$(inherited)",
					"@executable_path/Frameworks",
					"@loader_path/Frameworks",
				);
				PRODUCT_BUNDLE_IDENTIFIER = "com.parineetvernekar.Tests-iOS";
				PRODUCT_NAME = "$(TARGET_NAME)";
				SDKROOT = iphoneos;
				SWIFT_VERSION = 5.0;
				TARGETED_DEVICE_FAMILY = "1,2";
				TEST_TARGET_NAME = "Sandwiches (iOS)";
			};
			name = Debug;
		};
		854E8F5424D1F04600080D29 /* Release */ = {
			isa = XCBuildConfiguration;
			buildSettings = {
				ALWAYS_EMBED_SWIFT_STANDARD_LIBRARIES = YES;
				CODE_SIGN_STYLE = Automatic;
				DEVELOPMENT_TEAM = U8C7JTZU9K;
				INFOPLIST_FILE = "Tests iOS/Info.plist";
				IPHONEOS_DEPLOYMENT_TARGET = 14.0;
				LD_RUNPATH_SEARCH_PATHS = (
					"$(inherited)",
					"@executable_path/Frameworks",
					"@loader_path/Frameworks",
				);
				PRODUCT_BUNDLE_IDENTIFIER = "com.parineetvernekar.Tests-iOS";
				PRODUCT_NAME = "$(TARGET_NAME)";
				SDKROOT = iphoneos;
				SWIFT_VERSION = 5.0;
				TARGETED_DEVICE_FAMILY = "1,2";
				TEST_TARGET_NAME = "Sandwiches (iOS)";
				VALIDATE_PRODUCT = YES;
			};
			name = Release;
		};
		854E8F5624D1F04600080D29 /* Debug */ = {
			isa = XCBuildConfiguration;
			buildSettings = {
				ALWAYS_EMBED_SWIFT_STANDARD_LIBRARIES = YES;
				CODE_SIGN_STYLE = Automatic;
				COMBINE_HIDPI_IMAGES = YES;
				DEVELOPMENT_TEAM = U8C7JTZU9K;
				INFOPLIST_FILE = "Tests macOS/Info.plist";
				LD_RUNPATH_SEARCH_PATHS = (
					"$(inherited)",
					"@executable_path/../Frameworks",
					"@loader_path/../Frameworks",
				);
				MACOSX_DEPLOYMENT_TARGET = 10.15;
				PRODUCT_BUNDLE_IDENTIFIER = "com.parineetvernekar.Tests-macOS";
				PRODUCT_NAME = "$(TARGET_NAME)";
				SDKROOT = macosx;
				SWIFT_VERSION = 5.0;
				TEST_TARGET_NAME = "Sandwiches (macOS)";
			};
			name = Debug;
		};
		854E8F5724D1F04600080D29 /* Release */ = {
			isa = XCBuildConfiguration;
			buildSettings = {
				ALWAYS_EMBED_SWIFT_STANDARD_LIBRARIES = YES;
				CODE_SIGN_STYLE = Automatic;
				COMBINE_HIDPI_IMAGES = YES;
				DEVELOPMENT_TEAM = U8C7JTZU9K;
				INFOPLIST_FILE = "Tests macOS/Info.plist";
				LD_RUNPATH_SEARCH_PATHS = (
					"$(inherited)",
					"@executable_path/../Frameworks",
					"@loader_path/../Frameworks",
				);
				MACOSX_DEPLOYMENT_TARGET = 10.15;
				PRODUCT_BUNDLE_IDENTIFIER = "com.parineetvernekar.Tests-macOS";
				PRODUCT_NAME = "$(TARGET_NAME)";
				SDKROOT = macosx;
				SWIFT_VERSION = 5.0;
				TEST_TARGET_NAME = "Sandwiches (macOS)";
			};
			name = Release;
		};
/* End XCBuildConfiguration section */

/* Begin XCConfigurationList section */
		854E8F1924D1F04500080D29 /* Build configuration list for PBXProject "Sandwiches" */ = {
			isa = XCConfigurationList;
			buildConfigurations = (
				854E8F4A24D1F04600080D29 /* Debug */,
				854E8F4B24D1F04600080D29 /* Release */,
			);
			defaultConfigurationIsVisible = 0;
			defaultConfigurationName = Release;
		};
		854E8F4C24D1F04600080D29 /* Build configuration list for PBXNativeTarget "Sandwiches (iOS)" */ = {
			isa = XCConfigurationList;
			buildConfigurations = (
				854E8F4D24D1F04600080D29 /* Debug */,
				854E8F4E24D1F04600080D29 /* Release */,
			);
			defaultConfigurationIsVisible = 0;
			defaultConfigurationName = Release;
		};
		854E8F4F24D1F04600080D29 /* Build configuration list for PBXNativeTarget "Sandwiches (macOS)" */ = {
			isa = XCConfigurationList;
			buildConfigurations = (
				854E8F5024D1F04600080D29 /* Debug */,
				854E8F5124D1F04600080D29 /* Release */,
			);
			defaultConfigurationIsVisible = 0;
			defaultConfigurationName = Release;
		};
		854E8F5224D1F04600080D29 /* Build configuration list for PBXNativeTarget "Tests iOS" */ = {
			isa = XCConfigurationList;
			buildConfigurations = (
				854E8F5324D1F04600080D29 /* Debug */,
				854E8F5424D1F04600080D29 /* Release */,
			);
			defaultConfigurationIsVisible = 0;
			defaultConfigurationName = Release;
		};
		854E8F5524D1F04600080D29 /* Build configuration list for PBXNativeTarget "Tests macOS" */ = {
			isa = XCConfigurationList;
			buildConfigurations = (
				854E8F5624D1F04600080D29 /* Debug */,
				854E8F5724D1F04600080D29 /* Release */,
			);
			defaultConfigurationIsVisible = 0;
			defaultConfigurationName = Release;
		};
/* End XCConfigurationList section */
	};
	rootObject = 854E8F1624D1F04500080D29 /* Project object */;
}
